{
  "name": "@quinten/webwolk-lib",
  "version": "1.0.0",
  "lockfileVersion": 3,
  "requires": true,
  "packages": {
    "": {
      "name": "@quinten/webwolk-lib",
      "version": "1.0.0",
      "license": "MIT",
      "bin": {
        "wolkbuild": "bin/build.js",
        "wolkserve": "bin/serve.js"
      }
    }
  }
}
